
Microsoft Visual Studio Solution File, Format Version 12.00
# Visual Studio 15
VisualStudioVersion = 15.0.27703.2047
MinimumVisualStudioVersion = 10.0.40219.1
Project("{FAE04EC0-301F-11D3-BF4B-00C04F79EFBC}") = "Impalers", "Impalers.csproj", "{F2BCE22D-1057-4579-A097-E94CA10207CE}"
EndProject
Global
	GlobalSection(SolutionConfigurationPlatforms) = preSolution
		Debug|Any CPU = Debug|Any CPU
		Release|Any CPU = Release|Any CPU
	EndGlobalSection
	GlobalSection(ProjectConfigurationPlatforms) = postSolution
		{F2BCE22D-1057-4579-A097-E94CA10207CE}.Debug|Any CPU.ActiveCfg = Debug|Any CPU
		{F2BCE22D-1057-4579-A097-E94CA10207CE}.Debug|Any CPU.Build.0 = Debug|Any CPU
		{F2BCE22D-1057-4579-A097-E94CA10207CE}.Release|Any CPU.ActiveCfg = Release|Any CPU
		{F2BCE22D-1057-4579-A097-E94CA10207CE}.Release|Any CPU.Build.0 = Release|Any CPU
	EndGlobalSection
	GlobalSection(SolutionProperties) = preSolution
		HideSolutionNode = FALSE
	EndGlobalSection
	GlobalSection(ExtensibilityGlobals) = postSolution
		SolutionGuid = {5567B6D2-4085-4EF7-83E5-8BE224AE3490}
	EndGlobalSection
EndGlobal
